
Microsoft Visual Studio Solution File, Format Version 12.00
# Visual Studio 15
VisualStudioVersion = 15.0.27130.2027
MinimumVisualStudioVersion = 10.0.40219.1
Project("{F184B08F-C81C-45F6-A57F-5ABD9991F28F}") = "Alphabetize_5_2-37", "Alphabetize_5_2-37\Alphabetize_5_2-37.vbproj", "{66C886B9-28FD-46C0-8678-240D13F51E8C}"
EndProject
Global
	GlobalSection(SolutionConfigurationPlatforms) = preSolution
		Debug|Any CPU = Debug|Any CPU
		Release|Any CPU = Release|Any CPU
	EndGlobalSection
	GlobalSection(ProjectConfigurationPlatforms) = postSolution
		{66C886B9-28FD-46C0-8678-240D13F51E8C}.Debug|Any CPU.ActiveCfg = Debug|Any CPU
		{66C886B9-28FD-46C0-8678-240D13F51E8C}.Debug|Any CPU.Build.0 = Debug|Any CPU
		{66C886B9-28FD-46C0-8678-240D13F51E8C}.Release|Any CPU.ActiveCfg = Release|Any CPU
		{66C886B9-28FD-46C0-8678-240D13F51E8C}.Release|Any CPU.Build.0 = Release|Any CPU
	EndGlobalSection
	GlobalSection(SolutionProperties) = preSolution
		HideSolutionNode = FALSE
	EndGlobalSection
	GlobalSection(ExtensibilityGlobals) = postSolution
		SolutionGuid = {61C37F56-6B2E-467D-ACBB-75CCB90B8906}
	EndGlobalSection
EndGlobal
